
Microsoft Visual Studio Solution File, Format Version 12.00
# Visual Studio Version 17
VisualStudioVersion = 17.1.32210.238
MinimumVisualStudioVersion = 10.0.40219.1
Project("{FAE04EC0-301F-11D3-BF4B-00C04F79EFBC}") = "App1.Android", "App1\App1.Android\App1.Android.csproj", "{0030FD17-BC30-4A54-A333-24EC2BFF51BD}"
EndProject
Project("{FAE04EC0-301F-11D3-BF4B-00C04F79EFBC}") = "App1", "App1\App1\App1.csproj", "{BB86ADC9-286E-4B80-8D74-C078605D2BC8}"
EndProject
Global
	GlobalSection(SolutionConfigurationPlatforms) = preSolution
		Debug|Any CPU = Debug|Any CPU
		Release|Any CPU = Release|Any CPU
	EndGlobalSection
	GlobalSection(ProjectConfigurationPlatforms) = postSolution
		{0030FD17-BC30-4A54-A333-24EC2BFF51BD}.Debug|Any CPU.ActiveCfg = Debug|Any CPU
		{0030FD17-BC30-4A54-A333-24EC2BFF51BD}.Debug|Any CPU.Build.0 = Debug|Any CPU
		{0030FD17-BC30-4A54-A333-24EC2BFF51BD}.Debug|Any CPU.Deploy.0 = Debug|Any CPU
		{0030FD17-BC30-4A54-A333-24EC2BFF51BD}.Release|Any CPU.ActiveCfg = Release|Any CPU
		{0030FD17-BC30-4A54-A333-24EC2BFF51BD}.Release|Any CPU.Build.0 = Release|Any CPU
		{0030FD17-BC30-4A54-A333-24EC2BFF51BD}.Release|Any CPU.Deploy.0 = Release|Any CPU
		{BB86ADC9-286E-4B80-8D74-C078605D2BC8}.Debug|Any CPU.ActiveCfg = Debug|Any CPU
		{BB86ADC9-286E-4B80-8D74-C078605D2BC8}.Debug|Any CPU.Build.0 = Debug|Any CPU
		{BB86ADC9-286E-4B80-8D74-C078605D2BC8}.Debug|Any CPU.Deploy.0 = Debug|Any CPU
		{BB86ADC9-286E-4B80-8D74-C078605D2BC8}.Release|Any CPU.ActiveCfg = Release|Any CPU
		{BB86ADC9-286E-4B80-8D74-C078605D2BC8}.Release|Any CPU.Build.0 = Release|Any CPU
		{BB86ADC9-286E-4B80-8D74-C078605D2BC8}.Release|Any CPU.Deploy.0 = Release|Any CPU
	EndGlobalSection
	GlobalSection(SolutionProperties) = preSolution
		HideSolutionNode = FALSE
	EndGlobalSection
	GlobalSection(ExtensibilityGlobals) = postSolution
		SolutionGuid = {DB6D80F9-10DE-4474-891D-8D1F89F0C380}
	EndGlobalSection
EndGlobal
